
Microsoft Visual Studio Solution File, Format Version 12.00
# Visual Studio Version 17
VisualStudioVersion = 17.4.33213.308
MinimumVisualStudioVersion = 10.0.40219.1
Project("{FAE04EC0-301F-11D3-BF4B-00C04F79EFBC}") = "Gitlab_Zadanie1", "Gitlab_Zadanie1\Gitlab_Zadanie1.csproj", "{BDBB2BEF-76BE-4271-B81A-F725DC672DB8}"
EndProject
Global
	GlobalSection(SolutionConfigurationPlatforms) = preSolution
		Debug|Any CPU = Debug|Any CPU
		Release|Any CPU = Release|Any CPU
	EndGlobalSection
	GlobalSection(ProjectConfigurationPlatforms) = postSolution
		{BDBB2BEF-76BE-4271-B81A-F725DC672DB8}.Debug|Any CPU.ActiveCfg = Debug|Any CPU
		{BDBB2BEF-76BE-4271-B81A-F725DC672DB8}.Debug|Any CPU.Build.0 = Debug|Any CPU
		{BDBB2BEF-76BE-4271-B81A-F725DC672DB8}.Release|Any CPU.ActiveCfg = Release|Any CPU
		{BDBB2BEF-76BE-4271-B81A-F725DC672DB8}.Release|Any CPU.Build.0 = Release|Any CPU
	EndGlobalSection
	GlobalSection(SolutionProperties) = preSolution
		HideSolutionNode = FALSE
	EndGlobalSection
	GlobalSection(ExtensibilityGlobals) = postSolution
		SolutionGuid = {53A3A565-0F31-4CF2-8333-3E3D8DCF0850}
	EndGlobalSection
EndGlobal
